
Microsoft Visual Studio Solution File, Format Version 12.00
# Visual Studio Version 17
VisualStudioVersion = 17.6.33723.286
MinimumVisualStudioVersion = 10.0.40219.1
Project("{2150E333-8FDC-42A3-9474-1A3956D46DE8}") = "Solution Items", "Solution Items", "{D16AC732-10A9-452C-9592-E7E706950193}"
	ProjectSection(SolutionItems) = preProject
		Readme.md = Readme.md
	EndProjectSection
EndProject
Project("{2150E333-8FDC-42A3-9474-1A3956D46DE8}") = "Server", "Server", "{181CFFF3-6CB4-42CD-A66B-FFC555394619}"
EndProject
Project("{2150E333-8FDC-42A3-9474-1A3956D46DE8}") = "Client", "Client", "{41038A84-65F6-4369-885E-3A2C131A311B}"
EndProject
Project("{9A19103F-16F7-4668-BE54-9A1E7A4F7556}") = "Data", "Client\Data\Data.csproj", "{E31D4411-91A8-4A98-AE43-70A902F95766}"
EndProject
Project("{9A19103F-16F7-4668-BE54-9A1E7A4F7556}") = "DataUnitTests", "Client\DataUnitTests\DataUnitTests.csproj", "{BE8B8084-61D6-4E3E-AD53-3DDCB4A7996A}"
EndProject
Project("{9A19103F-16F7-4668-BE54-9A1E7A4F7556}") = "Logic", "Client\Logic\Logic.csproj", "{5FD5FD79-5CA9-451C-906E-8C3C42A1B949}"
EndProject
Project("{9A19103F-16F7-4668-BE54-9A1E7A4F7556}") = "LogicUnitTests", "Client\LogicUnitTests\LogicUnitTests.csproj", "{F167BD4C-99EB-4436-A788-7B7E4B626BC1}"
EndProject
Project("{9A19103F-16F7-4668-BE54-9A1E7A4F7556}") = "View", "Client\View\View.csproj", "{1E01CF79-E7B3-46FD-8CF1-25E055701C6A}"
EndProject
Project("{9A19103F-16F7-4668-BE54-9A1E7A4F7556}") = "Model", "Client\Model\Model.csproj", "{E9636771-759C-4EFD-91AE-BDE3716DA687}"
EndProject
Project("{9A19103F-16F7-4668-BE54-9A1E7A4F7556}") = "ViewModel", "Client\ViewModel\ViewModel.csproj", "{3BFCCED0-F70F-4838-8BFD-AE123616369A}"
EndProject
Project("{9A19103F-16F7-4668-BE54-9A1E7A4F7556}") = "DataUnitTests", "Server\DataUnitTests\DataUnitTests.csproj", "{7F7A16FF-45D2-4768-B5EE-8863F8656C0D}"
EndProject
Project("{9A19103F-16F7-4668-BE54-9A1E7A4F7556}") = "Data", "Server\Data\Data.csproj", "{0B8C4A73-78F1-43A5-A97E-1282D0DC3B4B}"
EndProject
Project("{9A19103F-16F7-4668-BE54-9A1E7A4F7556}") = "Logic", "Server\Logic\Logic.csproj", "{ED00766E-A34F-4B47-AB89-0F165D36E8FA}"
EndProject
Project("{9A19103F-16F7-4668-BE54-9A1E7A4F7556}") = "LogicUnitTests", "Server\LogicUnitTests\LogicUnitTests.csproj", "{1C4EB8E7-ADAA-4BC1-A169-524C70D34B87}"
EndProject
Project("{9A19103F-16F7-4668-BE54-9A1E7A4F7556}") = "Model", "Server\Model\Model.csproj", "{AACF45B1-6DF9-4456-8E7B-20DDE6A55113}"
EndProject
Global
	GlobalSection(SolutionConfigurationPlatforms) = preSolution
		Debug|Any CPU = Debug|Any CPU
		Release|Any CPU = Release|Any CPU
	EndGlobalSection
	GlobalSection(ProjectConfigurationPlatforms) = postSolution
		{E31D4411-91A8-4A98-AE43-70A902F95766}.Debug|Any CPU.ActiveCfg = Debug|Any CPU
		{E31D4411-91A8-4A98-AE43-70A902F95766}.Debug|Any CPU.Build.0 = Debug|Any CPU
		{E31D4411-91A8-4A98-AE43-70A902F95766}.Release|Any CPU.ActiveCfg = Release|Any CPU
		{E31D4411-91A8-4A98-AE43-70A902F95766}.Release|Any CPU.Build.0 = Release|Any CPU
		{BE8B8084-61D6-4E3E-AD53-3DDCB4A7996A}.Debug|Any CPU.ActiveCfg = Debug|Any CPU
		{BE8B8084-61D6-4E3E-AD53-3DDCB4A7996A}.Debug|Any CPU.Build.0 = Debug|Any CPU
		{BE8B8084-61D6-4E3E-AD53-3DDCB4A7996A}.Release|Any CPU.ActiveCfg = Release|Any CPU
		{BE8B8084-61D6-4E3E-AD53-3DDCB4A7996A}.Release|Any CPU.Build.0 = Release|Any CPU
		{5FD5FD79-5CA9-451C-906E-8C3C42A1B949}.Debug|Any CPU.ActiveCfg = Debug|Any CPU
		{5FD5FD79-5CA9-451C-906E-8C3C42A1B949}.Debug|Any CPU.Build.0 = Debug|Any CPU
		{5FD5FD79-5CA9-451C-906E-8C3C42A1B949}.Release|Any CPU.ActiveCfg = Release|Any CPU
		{5FD5FD79-5CA9-451C-906E-8C3C42A1B949}.Release|Any CPU.Build.0 = Release|Any CPU
		{F167BD4C-99EB-4436-A788-7B7E4B626BC1}.Debug|Any CPU.ActiveCfg = Debug|Any CPU
		{F167BD4C-99EB-4436-A788-7B7E4B626BC1}.Debug|Any CPU.Build.0 = Debug|Any CPU
		{F167BD4C-99EB-4436-A788-7B7E4B626BC1}.Release|Any CPU.ActiveCfg = Release|Any CPU
		{F167BD4C-99EB-4436-A788-7B7E4B626BC1}.Release|Any CPU.Build.0 = Release|Any CPU
		{1E01CF79-E7B3-46FD-8CF1-25E055701C6A}.Debug|Any CPU.ActiveCfg = Debug|Any CPU
		{1E01CF79-E7B3-46FD-8CF1-25E055701C6A}.Debug|Any CPU.Build.0 = Debug|Any CPU
		{1E01CF79-E7B3-46FD-8CF1-25E055701C6A}.Release|Any CPU.ActiveCfg = Release|Any CPU
		{1E01CF79-E7B3-46FD-8CF1-25E055701C6A}.Release|Any CPU.Build.0 = Release|Any CPU
		{E9636771-759C-4EFD-91AE-BDE3716DA687}.Debug|Any CPU.ActiveCfg = Debug|Any CPU
		{E9636771-759C-4EFD-91AE-BDE3716DA687}.Debug|Any CPU.Build.0 = Debug|Any CPU
		{E9636771-759C-4EFD-91AE-BDE3716DA687}.Release|Any CPU.ActiveCfg = Release|Any CPU
		{E9636771-759C-4EFD-91AE-BDE3716DA687}.Release|Any CPU.Build.0 = Release|Any CPU
		{3BFCCED0-F70F-4838-8BFD-AE123616369A}.Debug|Any CPU.ActiveCfg = Debug|Any CPU
		{3BFCCED0-F70F-4838-8BFD-AE123616369A}.Debug|Any CPU.Build.0 = Debug|Any CPU
		{3BFCCED0-F70F-4838-8BFD-AE123616369A}.Release|Any CPU.ActiveCfg = Release|Any CPU
		{3BFCCED0-F70F-4838-8BFD-AE123616369A}.Release|Any CPU.Build.0 = Release|Any CPU
		{7F7A16FF-45D2-4768-B5EE-8863F8656C0D}.Debug|Any CPU.ActiveCfg = Debug|Any CPU
		{7F7A16FF-45D2-4768-B5EE-8863F8656C0D}.Debug|Any CPU.Build.0 = Debug|Any CPU
		{7F7A16FF-45D2-4768-B5EE-8863F8656C0D}.Release|Any CPU.ActiveCfg = Release|Any CPU
		{7F7A16FF-45D2-4768-B5EE-8863F8656C0D}.Release|Any CPU.Build.0 = Release|Any CPU
		{0B8C4A73-78F1-43A5-A97E-1282D0DC3B4B}.Debug|Any CPU.ActiveCfg = Debug|Any CPU
		{0B8C4A73-78F1-43A5-A97E-1282D0DC3B4B}.Debug|Any CPU.Build.0 = Debug|Any CPU
		{0B8C4A73-78F1-43A5-A97E-1282D0DC3B4B}.Release|Any CPU.ActiveCfg = Release|Any CPU
		{0B8C4A73-78F1-43A5-A97E-1282D0DC3B4B}.Release|Any CPU.Build.0 = Release|Any CPU
		{ED00766E-A34F-4B47-AB89-0F165D36E8FA}.Debug|Any CPU.ActiveCfg = Debug|Any CPU
		{ED00766E-A34F-4B47-AB89-0F165D36E8FA}.Debug|Any CPU.Build.0 = Debug|Any CPU
		{ED00766E-A34F-4B47-AB89-0F165D36E8FA}.Release|Any CPU.ActiveCfg = Release|Any CPU
		{ED00766E-A34F-4B47-AB89-0F165D36E8FA}.Release|Any CPU.Build.0 = Release|Any CPU
		{1C4EB8E7-ADAA-4BC1-A169-524C70D34B87}.Debug|Any CPU.ActiveCfg = Debug|Any CPU
		{1C4EB8E7-ADAA-4BC1-A169-524C70D34B87}.Debug|Any CPU.Build.0 = Debug|Any CPU
		{1C4EB8E7-ADAA-4BC1-A169-524C70D34B87}.Release|Any CPU.ActiveCfg = Release|Any CPU
		{1C4EB8E7-ADAA-4BC1-A169-524C70D34B87}.Release|Any CPU.Build.0 = Release|Any CPU
		{AACF45B1-6DF9-4456-8E7B-20DDE6A55113}.Debug|Any CPU.ActiveCfg = Debug|Any CPU
		{AACF45B1-6DF9-4456-8E7B-20DDE6A55113}.Debug|Any CPU.Build.0 = Debug|Any CPU
		{AACF45B1-6DF9-4456-8E7B-20DDE6A55113}.Release|Any CPU.ActiveCfg = Release|Any CPU
		{AACF45B1-6DF9-4456-8E7B-20DDE6A55113}.Release|Any CPU.Build.0 = Release|Any CPU
	EndGlobalSection
	GlobalSection(SolutionProperties) = preSolution
		HideSolutionNode = FALSE
	EndGlobalSection
	GlobalSection(NestedProjects) = preSolution
		{E31D4411-91A8-4A98-AE43-70A902F95766} = {41038A84-65F6-4369-885E-3A2C131A311B}
		{BE8B8084-61D6-4E3E-AD53-3DDCB4A7996A} = {41038A84-65F6-4369-885E-3A2C131A311B}
		{5FD5FD79-5CA9-451C-906E-8C3C42A1B949} = {41038A84-65F6-4369-885E-3A2C131A311B}
		{F167BD4C-99EB-4436-A788-7B7E4B626BC1} = {41038A84-65F6-4369-885E-3A2C131A311B}
		{1E01CF79-E7B3-46FD-8CF1-25E055701C6A} = {41038A84-65F6-4369-885E-3A2C131A311B}
		{E9636771-759C-4EFD-91AE-BDE3716DA687} = {41038A84-65F6-4369-885E-3A2C131A311B}
		{3BFCCED0-F70F-4838-8BFD-AE123616369A} = {41038A84-65F6-4369-885E-3A2C131A311B}
		{7F7A16FF-45D2-4768-B5EE-8863F8656C0D} = {181CFFF3-6CB4-42CD-A66B-FFC555394619}
		{0B8C4A73-78F1-43A5-A97E-1282D0DC3B4B} = {181CFFF3-6CB4-42CD-A66B-FFC555394619}
		{ED00766E-A34F-4B47-AB89-0F165D36E8FA} = {181CFFF3-6CB4-42CD-A66B-FFC555394619}
		{1C4EB8E7-ADAA-4BC1-A169-524C70D34B87} = {181CFFF3-6CB4-42CD-A66B-FFC555394619}
		{AACF45B1-6DF9-4456-8E7B-20DDE6A55113} = {181CFFF3-6CB4-42CD-A66B-FFC555394619}
	EndGlobalSection
	GlobalSection(ExtensibilityGlobals) = postSolution
		SolutionGuid = {D9758E78-8AEC-4A60-9CCA-AF90D7DFBAE3}
	EndGlobalSection
EndGlobal
