
Microsoft Visual Studio Solution File, Format Version 12.00
# Visual Studio Version 17
VisualStudioVersion = 17.6.33723.286
MinimumVisualStudioVersion = 10.0.40219.1
Project("{9A19103F-16F7-4668-BE54-9A1E7A4F7556}") = "Logic", "Logic\Logic.csproj", "{60050BB7-B87B-4BDA-99A6-101774ADE342}"
EndProject
Project("{9A19103F-16F7-4668-BE54-9A1E7A4F7556}") = "UnitTestProject", "UnitTestProject\UnitTestProject.csproj", "{02A08AF3-2355-4411-A7E7-7643B76A70C8}"
EndProject
Project("{2150E333-8FDC-42A3-9474-1A3956D46DE8}") = "Solution Items", "Solution Items", "{D16AC732-10A9-452C-9592-E7E706950193}"
	ProjectSection(SolutionItems) = preProject
		Readme.md = Readme.md
	EndProjectSection
EndProject
Project("{9A19103F-16F7-4668-BE54-9A1E7A4F7556}") = "Data", "Data\Data.csproj", "{05FEAD27-333D-499F-A57E-0DFCA9593BC8}"
EndProject
Project("{FAE04EC0-301F-11D3-BF4B-00C04F79EFBC}") = "ViewModel", "ViewModel\ViewModel.csproj", "{D4DAC3C2-062B-4781-9C21-3C816BF976F8}"
	ProjectSection(ProjectDependencies) = postProject
		{F73B79EC-6A88-4F6D-B585-DFF1A59B8646} = {F73B79EC-6A88-4F6D-B585-DFF1A59B8646}
	EndProjectSection
EndProject
Project("{FAE04EC0-301F-11D3-BF4B-00C04F79EFBC}") = "Model", "Model\Model.csproj", "{F73B79EC-6A88-4F6D-B585-DFF1A59B8646}"
	ProjectSection(ProjectDependencies) = postProject
		{60050BB7-B87B-4BDA-99A6-101774ADE342} = {60050BB7-B87B-4BDA-99A6-101774ADE342}
	EndProjectSection
EndProject
Project("{FAE04EC0-301F-11D3-BF4B-00C04F79EFBC}") = "View", "View\View.csproj", "{8F7CA7F2-111C-47B2-BC84-79533F899D1C}"
	ProjectSection(ProjectDependencies) = postProject
		{D4DAC3C2-062B-4781-9C21-3C816BF976F8} = {D4DAC3C2-062B-4781-9C21-3C816BF976F8}
	EndProjectSection
EndProject
Global
	GlobalSection(SolutionConfigurationPlatforms) = preSolution
		Debug|Any CPU = Debug|Any CPU
		Release|Any CPU = Release|Any CPU
	EndGlobalSection
	GlobalSection(ProjectConfigurationPlatforms) = postSolution
		{60050BB7-B87B-4BDA-99A6-101774ADE342}.Debug|Any CPU.ActiveCfg = Debug|Any CPU
		{60050BB7-B87B-4BDA-99A6-101774ADE342}.Debug|Any CPU.Build.0 = Debug|Any CPU
		{60050BB7-B87B-4BDA-99A6-101774ADE342}.Release|Any CPU.ActiveCfg = Release|Any CPU
		{60050BB7-B87B-4BDA-99A6-101774ADE342}.Release|Any CPU.Build.0 = Release|Any CPU
		{02A08AF3-2355-4411-A7E7-7643B76A70C8}.Debug|Any CPU.ActiveCfg = Debug|Any CPU
		{02A08AF3-2355-4411-A7E7-7643B76A70C8}.Debug|Any CPU.Build.0 = Debug|Any CPU
		{02A08AF3-2355-4411-A7E7-7643B76A70C8}.Release|Any CPU.ActiveCfg = Release|Any CPU
		{02A08AF3-2355-4411-A7E7-7643B76A70C8}.Release|Any CPU.Build.0 = Release|Any CPU
		{02A08AF3-2355-4411-A7E7-7643B76A70C8}.Debug|Any CPU.ActiveCfg = Debug|Any CPU
		{02A08AF3-2355-4411-A7E7-7643B76A70C8}.Debug|Any CPU.Build.0 = Debug|Any CPU
		{02A08AF3-2355-4411-A7E7-7643B76A70C8}.Release|Any CPU.ActiveCfg = Release|Any CPU
		{02A08AF3-2355-4411-A7E7-7643B76A70C8}.Release|Any CPU.Build.0 = Release|Any CPU
		{05FEAD27-333D-499F-A57E-0DFCA9593BC8}.Debug|Any CPU.ActiveCfg = Debug|Any CPU
		{05FEAD27-333D-499F-A57E-0DFCA9593BC8}.Debug|Any CPU.Build.0 = Debug|Any CPU
		{05FEAD27-333D-499F-A57E-0DFCA9593BC8}.Release|Any CPU.ActiveCfg = Release|Any CPU
		{05FEAD27-333D-499F-A57E-0DFCA9593BC8}.Release|Any CPU.Build.0 = Release|Any CPU
		{D4DAC3C2-062B-4781-9C21-3C816BF976F8}.Debug|Any CPU.ActiveCfg = Debug|Any CPU
		{D4DAC3C2-062B-4781-9C21-3C816BF976F8}.Debug|Any CPU.Build.0 = Debug|Any CPU
		{D4DAC3C2-062B-4781-9C21-3C816BF976F8}.Release|Any CPU.ActiveCfg = Release|Any CPU
		{D4DAC3C2-062B-4781-9C21-3C816BF976F8}.Release|Any CPU.Build.0 = Release|Any CPU
		{F73B79EC-6A88-4F6D-B585-DFF1A59B8646}.Debug|Any CPU.ActiveCfg = Debug|Any CPU
		{F73B79EC-6A88-4F6D-B585-DFF1A59B8646}.Debug|Any CPU.Build.0 = Debug|Any CPU
		{F73B79EC-6A88-4F6D-B585-DFF1A59B8646}.Release|Any CPU.ActiveCfg = Release|Any CPU
		{F73B79EC-6A88-4F6D-B585-DFF1A59B8646}.Release|Any CPU.Build.0 = Release|Any CPU
		{8F7CA7F2-111C-47B2-BC84-79533F899D1C}.Debug|Any CPU.ActiveCfg = Debug|Any CPU
		{8F7CA7F2-111C-47B2-BC84-79533F899D1C}.Debug|Any CPU.Build.0 = Debug|Any CPU
		{8F7CA7F2-111C-47B2-BC84-79533F899D1C}.Release|Any CPU.ActiveCfg = Release|Any CPU
		{8F7CA7F2-111C-47B2-BC84-79533F899D1C}.Release|Any CPU.Build.0 = Release|Any CPU
	EndGlobalSection
	GlobalSection(SolutionProperties) = preSolution
		HideSolutionNode = FALSE
	EndGlobalSection
	GlobalSection(ExtensibilityGlobals) = postSolution
		SolutionGuid = {D9758E78-8AEC-4A60-9CCA-AF90D7DFBAE3}
	EndGlobalSection
EndGlobal
