
Microsoft Visual Studio Solution File, Format Version 12.00
# Visual Studio Version 17
VisualStudioVersion = 17.6.33723.286
MinimumVisualStudioVersion = 10.0.40219.1
Project("{2150E333-8FDC-42A3-9474-1A3956D46DE8}") = "Solution Items", "Solution Items", "{D16AC732-10A9-452C-9592-E7E706950193}"
	ProjectSection(SolutionItems) = preProject
		Readme.md = Readme.md
	EndProjectSection
EndProject
Project("{2150E333-8FDC-42A3-9474-1A3956D46DE8}") = "Server", "Server", "{181CFFF3-6CB4-42CD-A66B-FFC555394619}"
EndProject
Project("{2150E333-8FDC-42A3-9474-1A3956D46DE8}") = "Client", "Client", "{41038A84-65F6-4369-885E-3A2C131A311B}"
EndProject
Project("{9A19103F-16F7-4668-BE54-9A1E7A4F7556}") = "DataUnitTests", "Server\DataUnitTests\DataUnitTests.csproj", "{7F7A16FF-45D2-4768-B5EE-8863F8656C0D}"
EndProject
Project("{9A19103F-16F7-4668-BE54-9A1E7A4F7556}") = "LogicServerUnitTests", "Server\LogicUnitTests\LogicServerUnitTests.csproj", "{1C4EB8E7-ADAA-4BC1-A169-524C70D34B87}"
EndProject
Project("{9A19103F-16F7-4668-BE54-9A1E7A4F7556}") = "PresentationServer", "Server\Model\PresentationServer.csproj", "{AACF45B1-6DF9-4456-8E7B-20DDE6A55113}"
EndProject
Project("{9A19103F-16F7-4668-BE54-9A1E7A4F7556}") = "DataServer", "Server\Data\DataServer.csproj", "{F3C5350B-CE3F-4619-8CE2-7E64A57062EA}"
EndProject
Project("{9A19103F-16F7-4668-BE54-9A1E7A4F7556}") = "DataClient", "Client\Data\DataClient.csproj", "{B2D5C281-7221-471F-985B-893D4A9CF7A8}"
EndProject
Project("{9A19103F-16F7-4668-BE54-9A1E7A4F7556}") = "DataClientUnitTests", "Client\DataUnitTests\DataClientUnitTests.csproj", "{D69ED08A-6D3C-41EB-9AE4-B6DC9CB4344D}"
EndProject
Project("{9A19103F-16F7-4668-BE54-9A1E7A4F7556}") = "LogicClient", "Client\Logic\LogicClient.csproj", "{843642B8-8985-4897-8AB7-9745D09889C9}"
EndProject
Project("{9A19103F-16F7-4668-BE54-9A1E7A4F7556}") = "LogicClientUnitTests", "Client\LogicUnitTests\LogicClientUnitTests.csproj", "{7E782243-611B-4312-8EB1-3B216E59CDFE}"
EndProject
Project("{9A19103F-16F7-4668-BE54-9A1E7A4F7556}") = "ViewModelClient", "Client\ViewModel\ViewModelClient.csproj", "{EDE27B14-1A7B-499F-A15F-7005A3A90EB6}"
	ProjectSection(ProjectDependencies) = postProject
		{CF9113C0-85E0-4A60-BC36-B6E07080068D} = {CF9113C0-85E0-4A60-BC36-B6E07080068D}
	EndProjectSection
EndProject
Project("{9A19103F-16F7-4668-BE54-9A1E7A4F7556}") = "ViewClient", "Client\View\ViewClient.csproj", "{CE9D07E7-2123-4F7B-8864-21B7698A4168}"
EndProject
Project("{9A19103F-16F7-4668-BE54-9A1E7A4F7556}") = "ModelClient", "Client\Model\ModelClient.csproj", "{CF9113C0-85E0-4A60-BC36-B6E07080068D}"
EndProject
Project("{9A19103F-16F7-4668-BE54-9A1E7A4F7556}") = "LogicServer", "Server\Logic\LogicServer.csproj", "{E77A1042-DDFF-4770-9BBA-E180E2BBB5DD}"
EndProject
Project("{9A19103F-16F7-4668-BE54-9A1E7A4F7556}") = "JsonSchemaValidator", "JsonSchemaValidator\JsonSchemaValidator.csproj", "{15E32AE6-4202-4929-A861-8738603F0199}"
EndProject
Project("{FAE04EC0-301F-11D3-BF4B-00C04F79EFBC}") = "IntegrationTest", "IntegrationTest\IntegrationTest.csproj", "{5CE6B835-BED0-4100-A937-BEA0E2F4AA27}"
EndProject
Global
	GlobalSection(SolutionConfigurationPlatforms) = preSolution
		Debug|Any CPU = Debug|Any CPU
		Release|Any CPU = Release|Any CPU
	EndGlobalSection
	GlobalSection(ProjectConfigurationPlatforms) = postSolution
		{7F7A16FF-45D2-4768-B5EE-8863F8656C0D}.Debug|Any CPU.ActiveCfg = Debug|Any CPU
		{7F7A16FF-45D2-4768-B5EE-8863F8656C0D}.Debug|Any CPU.Build.0 = Debug|Any CPU
		{7F7A16FF-45D2-4768-B5EE-8863F8656C0D}.Release|Any CPU.ActiveCfg = Release|Any CPU
		{7F7A16FF-45D2-4768-B5EE-8863F8656C0D}.Release|Any CPU.Build.0 = Release|Any CPU
		{1C4EB8E7-ADAA-4BC1-A169-524C70D34B87}.Debug|Any CPU.ActiveCfg = Debug|Any CPU
		{1C4EB8E7-ADAA-4BC1-A169-524C70D34B87}.Debug|Any CPU.Build.0 = Debug|Any CPU
		{1C4EB8E7-ADAA-4BC1-A169-524C70D34B87}.Release|Any CPU.ActiveCfg = Release|Any CPU
		{1C4EB8E7-ADAA-4BC1-A169-524C70D34B87}.Release|Any CPU.Build.0 = Release|Any CPU
		{AACF45B1-6DF9-4456-8E7B-20DDE6A55113}.Debug|Any CPU.ActiveCfg = Debug|Any CPU
		{AACF45B1-6DF9-4456-8E7B-20DDE6A55113}.Debug|Any CPU.Build.0 = Debug|Any CPU
		{AACF45B1-6DF9-4456-8E7B-20DDE6A55113}.Release|Any CPU.ActiveCfg = Release|Any CPU
		{AACF45B1-6DF9-4456-8E7B-20DDE6A55113}.Release|Any CPU.Build.0 = Release|Any CPU
		{F3C5350B-CE3F-4619-8CE2-7E64A57062EA}.Debug|Any CPU.ActiveCfg = Debug|Any CPU
		{F3C5350B-CE3F-4619-8CE2-7E64A57062EA}.Debug|Any CPU.Build.0 = Debug|Any CPU
		{F3C5350B-CE3F-4619-8CE2-7E64A57062EA}.Release|Any CPU.ActiveCfg = Release|Any CPU
		{F3C5350B-CE3F-4619-8CE2-7E64A57062EA}.Release|Any CPU.Build.0 = Release|Any CPU
		{B2D5C281-7221-471F-985B-893D4A9CF7A8}.Debug|Any CPU.ActiveCfg = Debug|Any CPU
		{B2D5C281-7221-471F-985B-893D4A9CF7A8}.Debug|Any CPU.Build.0 = Debug|Any CPU
		{B2D5C281-7221-471F-985B-893D4A9CF7A8}.Release|Any CPU.ActiveCfg = Release|Any CPU
		{B2D5C281-7221-471F-985B-893D4A9CF7A8}.Release|Any CPU.Build.0 = Release|Any CPU
		{D69ED08A-6D3C-41EB-9AE4-B6DC9CB4344D}.Debug|Any CPU.ActiveCfg = Debug|Any CPU
		{D69ED08A-6D3C-41EB-9AE4-B6DC9CB4344D}.Debug|Any CPU.Build.0 = Debug|Any CPU
		{D69ED08A-6D3C-41EB-9AE4-B6DC9CB4344D}.Release|Any CPU.ActiveCfg = Release|Any CPU
		{D69ED08A-6D3C-41EB-9AE4-B6DC9CB4344D}.Release|Any CPU.Build.0 = Release|Any CPU
		{843642B8-8985-4897-8AB7-9745D09889C9}.Debug|Any CPU.ActiveCfg = Debug|Any CPU
		{843642B8-8985-4897-8AB7-9745D09889C9}.Debug|Any CPU.Build.0 = Debug|Any CPU
		{843642B8-8985-4897-8AB7-9745D09889C9}.Release|Any CPU.ActiveCfg = Release|Any CPU
		{843642B8-8985-4897-8AB7-9745D09889C9}.Release|Any CPU.Build.0 = Release|Any CPU
		{7E782243-611B-4312-8EB1-3B216E59CDFE}.Debug|Any CPU.ActiveCfg = Debug|Any CPU
		{7E782243-611B-4312-8EB1-3B216E59CDFE}.Debug|Any CPU.Build.0 = Debug|Any CPU
		{7E782243-611B-4312-8EB1-3B216E59CDFE}.Release|Any CPU.ActiveCfg = Release|Any CPU
		{7E782243-611B-4312-8EB1-3B216E59CDFE}.Release|Any CPU.Build.0 = Release|Any CPU
		{EDE27B14-1A7B-499F-A15F-7005A3A90EB6}.Debug|Any CPU.ActiveCfg = Debug|Any CPU
		{EDE27B14-1A7B-499F-A15F-7005A3A90EB6}.Debug|Any CPU.Build.0 = Debug|Any CPU
		{EDE27B14-1A7B-499F-A15F-7005A3A90EB6}.Release|Any CPU.ActiveCfg = Release|Any CPU
		{EDE27B14-1A7B-499F-A15F-7005A3A90EB6}.Release|Any CPU.Build.0 = Release|Any CPU
		{CE9D07E7-2123-4F7B-8864-21B7698A4168}.Debug|Any CPU.ActiveCfg = Debug|Any CPU
		{CE9D07E7-2123-4F7B-8864-21B7698A4168}.Debug|Any CPU.Build.0 = Debug|Any CPU
		{CE9D07E7-2123-4F7B-8864-21B7698A4168}.Release|Any CPU.ActiveCfg = Release|Any CPU
		{CE9D07E7-2123-4F7B-8864-21B7698A4168}.Release|Any CPU.Build.0 = Release|Any CPU
		{CF9113C0-85E0-4A60-BC36-B6E07080068D}.Debug|Any CPU.ActiveCfg = Debug|Any CPU
		{CF9113C0-85E0-4A60-BC36-B6E07080068D}.Debug|Any CPU.Build.0 = Debug|Any CPU
		{CF9113C0-85E0-4A60-BC36-B6E07080068D}.Release|Any CPU.ActiveCfg = Release|Any CPU
		{CF9113C0-85E0-4A60-BC36-B6E07080068D}.Release|Any CPU.Build.0 = Release|Any CPU
		{E77A1042-DDFF-4770-9BBA-E180E2BBB5DD}.Debug|Any CPU.ActiveCfg = Debug|Any CPU
		{E77A1042-DDFF-4770-9BBA-E180E2BBB5DD}.Debug|Any CPU.Build.0 = Debug|Any CPU
		{E77A1042-DDFF-4770-9BBA-E180E2BBB5DD}.Release|Any CPU.ActiveCfg = Release|Any CPU
		{E77A1042-DDFF-4770-9BBA-E180E2BBB5DD}.Release|Any CPU.Build.0 = Release|Any CPU
		{15E32AE6-4202-4929-A861-8738603F0199}.Debug|Any CPU.ActiveCfg = Debug|Any CPU
		{15E32AE6-4202-4929-A861-8738603F0199}.Debug|Any CPU.Build.0 = Debug|Any CPU
		{15E32AE6-4202-4929-A861-8738603F0199}.Release|Any CPU.ActiveCfg = Release|Any CPU
		{15E32AE6-4202-4929-A861-8738603F0199}.Release|Any CPU.Build.0 = Release|Any CPU
		{5CE6B835-BED0-4100-A937-BEA0E2F4AA27}.Debug|Any CPU.ActiveCfg = Debug|Any CPU
		{5CE6B835-BED0-4100-A937-BEA0E2F4AA27}.Debug|Any CPU.Build.0 = Debug|Any CPU
		{5CE6B835-BED0-4100-A937-BEA0E2F4AA27}.Release|Any CPU.ActiveCfg = Release|Any CPU
		{5CE6B835-BED0-4100-A937-BEA0E2F4AA27}.Release|Any CPU.Build.0 = Release|Any CPU
	EndGlobalSection
	GlobalSection(SolutionProperties) = preSolution
		HideSolutionNode = FALSE
	EndGlobalSection
	GlobalSection(NestedProjects) = preSolution
		{7F7A16FF-45D2-4768-B5EE-8863F8656C0D} = {181CFFF3-6CB4-42CD-A66B-FFC555394619}
		{1C4EB8E7-ADAA-4BC1-A169-524C70D34B87} = {181CFFF3-6CB4-42CD-A66B-FFC555394619}
		{AACF45B1-6DF9-4456-8E7B-20DDE6A55113} = {181CFFF3-6CB4-42CD-A66B-FFC555394619}
		{F3C5350B-CE3F-4619-8CE2-7E64A57062EA} = {181CFFF3-6CB4-42CD-A66B-FFC555394619}
		{B2D5C281-7221-471F-985B-893D4A9CF7A8} = {41038A84-65F6-4369-885E-3A2C131A311B}
		{D69ED08A-6D3C-41EB-9AE4-B6DC9CB4344D} = {41038A84-65F6-4369-885E-3A2C131A311B}
		{843642B8-8985-4897-8AB7-9745D09889C9} = {41038A84-65F6-4369-885E-3A2C131A311B}
		{7E782243-611B-4312-8EB1-3B216E59CDFE} = {41038A84-65F6-4369-885E-3A2C131A311B}
		{EDE27B14-1A7B-499F-A15F-7005A3A90EB6} = {41038A84-65F6-4369-885E-3A2C131A311B}
		{CE9D07E7-2123-4F7B-8864-21B7698A4168} = {41038A84-65F6-4369-885E-3A2C131A311B}
		{CF9113C0-85E0-4A60-BC36-B6E07080068D} = {41038A84-65F6-4369-885E-3A2C131A311B}
		{E77A1042-DDFF-4770-9BBA-E180E2BBB5DD} = {181CFFF3-6CB4-42CD-A66B-FFC555394619}
	EndGlobalSection
	GlobalSection(ExtensibilityGlobals) = postSolution
		SolutionGuid = {D9758E78-8AEC-4A60-9CCA-AF90D7DFBAE3}
	EndGlobalSection
EndGlobal
